
Microsoft Visual Studio Solution File, Format Version 12.00
# Visual Studio Version 17
VisualStudioVersion = 17.9.34728.123
MinimumVisualStudioVersion = 10.0.40219.1
Project("{FAE04EC0-301F-11D3-BF4B-00C04F79EFBC}") = "YOH Minis Costing Calculator", "YOH Minis Costing Calculator\YOH Minis Costing Calculator.csproj", "{B5A7DBEE-868F-45C3-BE7F-A6EF215F1636}"
EndProject
Global
	GlobalSection(SolutionConfigurationPlatforms) = preSolution
		Debug|Any CPU = Debug|Any CPU
		Release|Any CPU = Release|Any CPU
	EndGlobalSection
	GlobalSection(ProjectConfigurationPlatforms) = postSolution
		{B5A7DBEE-868F-45C3-BE7F-A6EF215F1636}.Debug|Any CPU.ActiveCfg = Debug|Any CPU
		{B5A7DBEE-868F-45C3-BE7F-A6EF215F1636}.Debug|Any CPU.Build.0 = Debug|Any CPU
		{B5A7DBEE-868F-45C3-BE7F-A6EF215F1636}.Release|Any CPU.ActiveCfg = Release|Any CPU
		{B5A7DBEE-868F-45C3-BE7F-A6EF215F1636}.Release|Any CPU.Build.0 = Release|Any CPU
	EndGlobalSection
	GlobalSection(SolutionProperties) = preSolution
		HideSolutionNode = FALSE
	EndGlobalSection
	GlobalSection(ExtensibilityGlobals) = postSolution
		SolutionGuid = {FA765C73-13A7-4B4D-9494-B337341051E2}
	EndGlobalSection
EndGlobal
